Microsoft Visual Studio Solution File, Format Version 12.00
# Visual Studio Version 17
VisualStudioVersion = 17.5.2.0
MinimumVisualStudioVersion = 10.0.40219.1
Project("{FAE04EC0-301F-11D3-BF4B-00C04F79EFBC}") = "AiRouter", "AiRouter.csproj", "{F646EE67-33E0-80DE-6FF4-467987ACD788}"
EndProject
Global
	GlobalSection(SolutionConfigurationPlatforms) = preSolution
		Debug|Any CPU = Debug|Any CPU
		Release|Any CPU = Release|Any CPU
	EndGlobalSection
	GlobalSection(ProjectConfigurationPlatforms) = postSolution
		{F646EE67-33E0-80DE-6FF4-467987ACD788}.Debug|Any CPU.ActiveCfg = Debug|Any CPU
		{F646EE67-33E0-80DE-6FF4-467987ACD788}.Debug|Any CPU.Build.0 = Debug|Any CPU
		{F646EE67-33E0-80DE-6FF4-467987ACD788}.Release|Any CPU.ActiveCfg = Release|Any CPU
		{F646EE67-33E0-80DE-6FF4-467987ACD788}.Release|Any CPU.Build.0 = Release|Any CPU
	EndGlobalSection
	GlobalSection(SolutionProperties) = preSolution
		HideSolutionNode = FALSE
	EndGlobalSection
	GlobalSection(ExtensibilityGlobals) = postSolution
		SolutionGuid = {431DF51A-AF0E-4ACA-AB57-32E32FFE8862}
	EndGlobalSection
EndGlobal
